
Microsoft Visual Studio Solution File, Format Version 12.00
# Visual Studio Version 16
VisualStudioVersion = 16.0.28721.148
MinimumVisualStudioVersion = 10.0.40219.1
Project("{9A19103F-16F7-4668-BE54-9A1E7A4F7556}") = "Website", "Website\Website.csproj", "{3AF7DCD8-893B-4438-AFCB-990FD2679AB6}"
EndProject
Project("{2150E333-8FDC-42A3-9474-1A3956D46DE8}") = "Solution Items", "Solution Items", "{015D5E8C-25DF-422E-B940-BEBB95CF6BB3}"
	ProjectSection(SolutionItems) = preProject
		docker-compose.yml = docker-compose.yml
	EndProjectSection
EndProject
Project("{2150E333-8FDC-42A3-9474-1A3956D46DE8}") = "SQL", "SQL", "{0462A7A4-EA2A-4BC9-9DEB-36DB512AA2CB}"
	ProjectSection(SolutionItems) = preProject
		SQL\Dockerfile = SQL\Dockerfile
	EndProjectSection
EndProject
Project("{9A19103F-16F7-4668-BE54-9A1E7A4F7556}") = "RecipeAPI", "RecipeAPI\RecipeAPI.csproj", "{8945DD00-E2D3-45D8-8769-BA4DF70822E1}"
EndProject
Project("{2150E333-8FDC-42A3-9474-1A3956D46DE8}") = "DynamoDb", "DynamoDb", "{3000B0B7-2E06-4DF9-8BEA-C3D8A3D7E68D}"
	ProjectSection(SolutionItems) = preProject
		DynamoDB\Dockerfile = DynamoDB\Dockerfile
	EndProjectSection
EndProject
Project("{9A19103F-16F7-4668-BE54-9A1E7A4F7556}") = "Core", "Core\Core.csproj", "{016177F9-3D63-47C3-BE0E-B86BBFA5DE08}"
EndProject
Project("{2150E333-8FDC-42A3-9474-1A3956D46DE8}") = "tests", "tests", "{B9A278BF-1EB5-400E-898A-775F629DA9E4}"
EndProject
Project("{9A19103F-16F7-4668-BE54-9A1E7A4F7556}") = "Core.Tests", "Core.Tests\Core.Tests.csproj", "{D7FA15D8-B500-4C10-9793-74A485F3B226}"
EndProject
Project("{2150E333-8FDC-42A3-9474-1A3956D46DE8}") = "unit", "unit", "{A9AB16CA-6AF2-43C7-B2EA-596C76F269C8}"
EndProject
Project("{2150E333-8FDC-42A3-9474-1A3956D46DE8}") = "integration", "integration", "{43FFA54A-492A-4A28-B5C5-17BE9E80ED42}"
EndProject
Project("{2150E333-8FDC-42A3-9474-1A3956D46DE8}") = "src", "src", "{5DCA32D5-B0F5-47FE-A6E8-7F5894986BD5}"
EndProject
Project("{FAE04EC0-301F-11D3-BF4B-00C04F79EFBC}") = "RecipeAPI.TestInt", "test\integration\RecipeAPI.TestInt\RecipeAPI.TestInt.csproj", "{FD060BAF-8F44-4BF3-B214-FA82F922B509}"
EndProject
Project("{FAE04EC0-301F-11D3-BF4B-00C04F79EFBC}") = "RecipeAPI.Tests", "test\unit\RecipeAPI.Tests\RecipeAPI.Tests.csproj", "{CD3D08CC-9C1A-4D1B-BA93-4F1EC7F6A873}"
EndProject
Project("{FAE04EC0-301F-11D3-BF4B-00C04F79EFBC}") = "Website.Tests", "test\unit\Website.Tests\Website.Tests.csproj", "{5F925E5E-C6A3-444B-A08F-160EB9438C5B}"
EndProject
Global
	GlobalSection(SolutionConfigurationPlatforms) = preSolution
		Debug|Any CPU = Debug|Any CPU
		Release|Any CPU = Release|Any CPU
	EndGlobalSection
	GlobalSection(ProjectConfigurationPlatforms) = postSolution
		{3AF7DCD8-893B-4438-AFCB-990FD2679AB6}.Debug|Any CPU.ActiveCfg = Debug|Any CPU
		{3AF7DCD8-893B-4438-AFCB-990FD2679AB6}.Debug|Any CPU.Build.0 = Debug|Any CPU
		{3AF7DCD8-893B-4438-AFCB-990FD2679AB6}.Release|Any CPU.ActiveCfg = Release|Any CPU
		{3AF7DCD8-893B-4438-AFCB-990FD2679AB6}.Release|Any CPU.Build.0 = Release|Any CPU
		{8945DD00-E2D3-45D8-8769-BA4DF70822E1}.Debug|Any CPU.ActiveCfg = Debug|Any CPU
		{8945DD00-E2D3-45D8-8769-BA4DF70822E1}.Debug|Any CPU.Build.0 = Debug|Any CPU
		{8945DD00-E2D3-45D8-8769-BA4DF70822E1}.Release|Any CPU.ActiveCfg = Release|Any CPU
		{8945DD00-E2D3-45D8-8769-BA4DF70822E1}.Release|Any CPU.Build.0 = Release|Any CPU
		{016177F9-3D63-47C3-BE0E-B86BBFA5DE08}.Debug|Any CPU.ActiveCfg = Debug|Any CPU
		{016177F9-3D63-47C3-BE0E-B86BBFA5DE08}.Debug|Any CPU.Build.0 = Debug|Any CPU
		{016177F9-3D63-47C3-BE0E-B86BBFA5DE08}.Release|Any CPU.ActiveCfg = Release|Any CPU
		{016177F9-3D63-47C3-BE0E-B86BBFA5DE08}.Release|Any CPU.Build.0 = Release|Any CPU
		{D7FA15D8-B500-4C10-9793-74A485F3B226}.Debug|Any CPU.ActiveCfg = Debug|Any CPU
		{D7FA15D8-B500-4C10-9793-74A485F3B226}.Debug|Any CPU.Build.0 = Debug|Any CPU
		{D7FA15D8-B500-4C10-9793-74A485F3B226}.Release|Any CPU.ActiveCfg = Release|Any CPU
		{D7FA15D8-B500-4C10-9793-74A485F3B226}.Release|Any CPU.Build.0 = Release|Any CPU
		{FD060BAF-8F44-4BF3-B214-FA82F922B509}.Debug|Any CPU.ActiveCfg = Debug|Any CPU
		{FD060BAF-8F44-4BF3-B214-FA82F922B509}.Debug|Any CPU.Build.0 = Debug|Any CPU
		{FD060BAF-8F44-4BF3-B214-FA82F922B509}.Release|Any CPU.ActiveCfg = Release|Any CPU
		{FD060BAF-8F44-4BF3-B214-FA82F922B509}.Release|Any CPU.Build.0 = Release|Any CPU
		{CD3D08CC-9C1A-4D1B-BA93-4F1EC7F6A873}.Debug|Any CPU.ActiveCfg = Debug|Any CPU
		{CD3D08CC-9C1A-4D1B-BA93-4F1EC7F6A873}.Debug|Any CPU.Build.0 = Debug|Any CPU
		{CD3D08CC-9C1A-4D1B-BA93-4F1EC7F6A873}.Release|Any CPU.ActiveCfg = Release|Any CPU
		{CD3D08CC-9C1A-4D1B-BA93-4F1EC7F6A873}.Release|Any CPU.Build.0 = Release|Any CPU
		{5F925E5E-C6A3-444B-A08F-160EB9438C5B}.Debug|Any CPU.ActiveCfg = Debug|Any CPU
		{5F925E5E-C6A3-444B-A08F-160EB9438C5B}.Debug|Any CPU.Build.0 = Debug|Any CPU
		{5F925E5E-C6A3-444B-A08F-160EB9438C5B}.Release|Any CPU.ActiveCfg = Release|Any CPU
		{5F925E5E-C6A3-444B-A08F-160EB9438C5B}.Release|Any CPU.Build.0 = Release|Any CPU
	EndGlobalSection
	GlobalSection(SolutionProperties) = preSolution
		HideSolutionNode = FALSE
	EndGlobalSection
	GlobalSection(NestedProjects) = preSolution
		{3AF7DCD8-893B-4438-AFCB-990FD2679AB6} = {5DCA32D5-B0F5-47FE-A6E8-7F5894986BD5}
		{8945DD00-E2D3-45D8-8769-BA4DF70822E1} = {5DCA32D5-B0F5-47FE-A6E8-7F5894986BD5}
		{016177F9-3D63-47C3-BE0E-B86BBFA5DE08} = {5DCA32D5-B0F5-47FE-A6E8-7F5894986BD5}
		{D7FA15D8-B500-4C10-9793-74A485F3B226} = {A9AB16CA-6AF2-43C7-B2EA-596C76F269C8}
		{A9AB16CA-6AF2-43C7-B2EA-596C76F269C8} = {B9A278BF-1EB5-400E-898A-775F629DA9E4}
		{43FFA54A-492A-4A28-B5C5-17BE9E80ED42} = {B9A278BF-1EB5-400E-898A-775F629DA9E4}
		{FD060BAF-8F44-4BF3-B214-FA82F922B509} = {43FFA54A-492A-4A28-B5C5-17BE9E80ED42}
		{CD3D08CC-9C1A-4D1B-BA93-4F1EC7F6A873} = {A9AB16CA-6AF2-43C7-B2EA-596C76F269C8}
		{5F925E5E-C6A3-444B-A08F-160EB9438C5B} = {A9AB16CA-6AF2-43C7-B2EA-596C76F269C8}
	EndGlobalSection
	GlobalSection(ExtensibilityGlobals) = postSolution
		SolutionGuid = {E39DD9CD-51F0-457C-ABD1-7E86B0B03969}
	EndGlobalSection
EndGlobal
