
Microsoft Visual Studio Solution File, Format Version 12.00
# Visual Studio 15
VisualStudioVersion = 15.0.27428.2037
MinimumVisualStudioVersion = 10.0.40219.1
Project("{9A19103F-16F7-4668-BE54-9A1E7A4F7556}") = "SampleSkill", "SampleSkill\src\SampleSkill.csproj", "{58A77DD4-0873-4178-9E73-10FD93B9B669}"
EndProject
Project("{9A19103F-16F7-4668-BE54-9A1E7A4F7556}") = "SampleSkillTests", "SampleSkill\test\SampleSkillTests.csproj", "{8F02DECF-283E-4CF4-A961-FD3B639A526C}"
EndProject
Global
	GlobalSection(SolutionConfigurationPlatforms) = preSolution
		Debug|Any CPU = Debug|Any CPU
		Release|Any CPU = Release|Any CPU
	EndGlobalSection
	GlobalSection(ProjectConfigurationPlatforms) = postSolution
		{58A77DD4-0873-4178-9E73-10FD93B9B669}.Debug|Any CPU.ActiveCfg = Debug|Any CPU
		{58A77DD4-0873-4178-9E73-10FD93B9B669}.Debug|Any CPU.Build.0 = Debug|Any CPU
		{58A77DD4-0873-4178-9E73-10FD93B9B669}.Release|Any CPU.ActiveCfg = Release|Any CPU
		{58A77DD4-0873-4178-9E73-10FD93B9B669}.Release|Any CPU.Build.0 = Release|Any CPU
		{8F02DECF-283E-4CF4-A961-FD3B639A526C}.Debug|Any CPU.ActiveCfg = Debug|Any CPU
		{8F02DECF-283E-4CF4-A961-FD3B639A526C}.Debug|Any CPU.Build.0 = Debug|Any CPU
		{8F02DECF-283E-4CF4-A961-FD3B639A526C}.Release|Any CPU.ActiveCfg = Release|Any CPU
		{8F02DECF-283E-4CF4-A961-FD3B639A526C}.Release|Any CPU.Build.0 = Release|Any CPU
	EndGlobalSection
	GlobalSection(SolutionProperties) = preSolution
		HideSolutionNode = FALSE
	EndGlobalSection
	GlobalSection(ExtensibilityGlobals) = postSolution
		SolutionGuid = {5B23DBDE-E41B-4F5B-B745-6187139F65E8}
	EndGlobalSection
EndGlobal
